
Microsoft Visual Studio Solution File, Format Version 12.00
# Visual Studio Version 16
VisualStudioVersion = 16.0.29519.87
MinimumVisualStudioVersion = 10.0.40219.1
Project("{FAE04EC0-301F-11D3-BF4B-00C04F79EFBC}") = "BasicCalculatorBenosa", "BasicCalculatorBenosa\BasicCalculatorBenosa.csproj", "{DF5A1A03-D7F9-4E73-A0D3-A26D28375FF6}"
EndProject
Project("{FAE04EC0-301F-11D3-BF4B-00C04F79EFBC}") = "BasicComputation", "BasicComputation\BasicComputation.csproj", "{2744830F-5D40-40FA-A2D8-57E617E3DA6A}"
EndProject
Project("{FAE04EC0-301F-11D3-BF4B-00C04F79EFBC}") = "BasicComputationBenosa", "BasicComputationBenosa\BasicComputationBenosa.csproj", "{5AD6B08F-DAE2-4788-A049-080C80C3E4C1}"
EndProject
Global
	GlobalSection(SolutionConfigurationPlatforms) = preSolution
		Debug|Any CPU = Debug|Any CPU
		Release|Any CPU = Release|Any CPU
	EndGlobalSection
	GlobalSection(ProjectConfigurationPlatforms) = postSolution
		{DF5A1A03-D7F9-4E73-A0D3-A26D28375FF6}.Debug|Any CPU.ActiveCfg = Debug|Any CPU
		{DF5A1A03-D7F9-4E73-A0D3-A26D28375FF6}.Debug|Any CPU.Build.0 = Debug|Any CPU
		{DF5A1A03-D7F9-4E73-A0D3-A26D28375FF6}.Release|Any CPU.ActiveCfg = Release|Any CPU
		{DF5A1A03-D7F9-4E73-A0D3-A26D28375FF6}.Release|Any CPU.Build.0 = Release|Any CPU
		{2744830F-5D40-40FA-A2D8-57E617E3DA6A}.Debug|Any CPU.ActiveCfg = Debug|Any CPU
		{2744830F-5D40-40FA-A2D8-57E617E3DA6A}.Debug|Any CPU.Build.0 = Debug|Any CPU
		{2744830F-5D40-40FA-A2D8-57E617E3DA6A}.Release|Any CPU.ActiveCfg = Release|Any CPU
		{2744830F-5D40-40FA-A2D8-57E617E3DA6A}.Release|Any CPU.Build.0 = Release|Any CPU
		{5AD6B08F-DAE2-4788-A049-080C80C3E4C1}.Debug|Any CPU.ActiveCfg = Debug|Any CPU
		{5AD6B08F-DAE2-4788-A049-080C80C3E4C1}.Debug|Any CPU.Build.0 = Debug|Any CPU
		{5AD6B08F-DAE2-4788-A049-080C80C3E4C1}.Release|Any CPU.ActiveCfg = Release|Any CPU
		{5AD6B08F-DAE2-4788-A049-080C80C3E4C1}.Release|Any CPU.Build.0 = Release|Any CPU
	EndGlobalSection
	GlobalSection(SolutionProperties) = preSolution
		HideSolutionNode = FALSE
	EndGlobalSection
	GlobalSection(ExtensibilityGlobals) = postSolution
		SolutionGuid = {EC7F598A-2FB7-4DCF-A75A-673E2FC08E22}
	EndGlobalSection
EndGlobal
